{
  "name": "spaargids",
  "version": "1.0.0",
  "lockfileVersion": 3,
  "requires": true,
  "packages": {
    "": {
      "name": "spaargids",
      "version": "1.0.0",
      "hasInstallScript": true,
      "dependencies": {
        "express": "...",
        "playwright": "..."
      }
    },
    "...": {},
    "node_modules/express": {
      "resolved": "...",
      "link": true
    },
    "node_modules/playwright": {
      "resolved": "...",
      "link": true
    }
  }
}
